// !$*UTF8*$!
{
	archiveVersion = 1;
	classes = {
	};
	objectVersion = 48;
	objects = {

/* Begin PBXBuildFile section */
		291B302720E6A88200411ECB /* ItemsImageModel.swift in Sources */ = {isa = PBXBuildFile; fileRef = 291B302620E6A88200411ECB /* ItemsImageModel.swift */; };
		293FBA3E20E55E6B0018AF93 /* AppDelegate.swift in Sources */ = {isa = PBXBuildFile; fileRef = 293FBA3D20E55E6B0018AF93 /* AppDelegate.swift */; };
		293FBA4020E55E6B0018AF93 /* ViewController.swift in Sources */ = {isa = PBXBuildFile; fileRef = 293FBA3F20E55E6B0018AF93 /* ViewController.swift */; };
		293FBA4320E55E6B0018AF93 /* Main.storyboard in Resources */ = {isa = PBXBuildFile; fileRef = 293FBA4120E55E6B0018AF93 /* Main.storyboard */; };
		293FBA4520E55E6B0018AF93 /* Assets.xcassets in Resources */ = {isa = PBXBuildFile; fileRef = 293FBA4420E55E6B0018AF93 /* Assets.xcassets */; };
		293FBA4820E55E6B0018AF93 /* LaunchScreen.storyboard in Resources */ = {isa = PBXBuildFile; fileRef = 293FBA4620E55E6B0018AF93 /* LaunchScreen.storyboard */; };
		293FBA5020E560A80018AF93 /* CollectionViewCell.swift in Sources */ = {isa = PBXBuildFile; fileRef = 293FBA4F20E560A80018AF93 /* CollectionViewCell.swift */; };
		293FBA5220E575330018AF93 /* ItemsModel.swift in Sources */ = {isa = PBXBuildFile; fileRef = 293FBA5120E575330018AF93 /* ItemsModel.swift */; };
		2959449B20EE65BB006A5897 /* ViewModel.swift in Sources */ = {isa = PBXBuildFile; fileRef = 2959449A20EE65BB006A5897 /* ViewModel.swift */; };
		2959449E20EE693E006A5897 /* Networking.swift in Sources */ = {isa = PBXBuildFile; fileRef = 2959449D20EE693E006A5897 /* Networking.swift */; };
		29CE13C920ED383300884440 /* DataModel.xcdatamodeld in Sources */ = {isa = PBXBuildFile; fileRef = 29CE13C720ED383300884440 /* DataModel.xcdatamodeld */; };
		29CE13CB20ED399A00884440 /* CoreDataStack.swift in Sources */ = {isa = PBXBuildFile; fileRef = 29CE13CA20ED399A00884440 /* CoreDataStack.swift */; };
		29CE13CF20ED3D8F00884440 /* FlatItems.swift in Sources */ = {isa = PBXBuildFile; fileRef = 29CE13CE20ED3D8F00884440 /* FlatItems.swift */; };
		29CE13D120ED449D00884440 /* FlatImages.swift in Sources */ = {isa = PBXBuildFile; fileRef = 29CE13D020ED449D00884440 /* FlatImages.swift */; };
		29CE13D320ED44AF00884440 /* FlatLocation.swift in Sources */ = {isa = PBXBuildFile; fileRef = 29CE13D220ED44AF00884440 /* FlatLocation.swift */; };
/* End PBXBuildFile section */

/* Begin PBXFileReference section */
		291B302620E6A88200411ECB /* ItemsImageModel.swift */ = {isa = PBXFileReference; lastKnownFileType = sourcecode.swift; path = ItemsImageModel.swift; sourceTree = "<group>"; };
		293FBA3A20E55E6B0018AF93 /* MyNewApp.app */ = {isa = PBXFileReference; explicitFileType = wrapper.application; includeInIndex = 0; path = MyNewApp.app; sourceTree = BUILT_PRODUCTS_DIR; };
		293FBA3D20E55E6B0018AF93 /* AppDelegate.swift */ = {isa = PBXFileReference; lastKnownFileType = sourcecode.swift; path = AppDelegate.swift; sourceTree = "<group>"; };
		293FBA3F20E55E6B0018AF93 /* ViewController.swift */ = {isa = PBXFileReference; lastKnownFileType = sourcecode.swift; path = ViewController.swift; sourceTree = "<group>"; };
		293FBA4220E55E6B0018AF93 /* Base */ = {isa = PBXFileReference; lastKnownFileType = file.storyboard; name = Base; path = Base.lproj/Main.storyboard; sourceTree = "<group>"; };
		293FBA4420E55E6B0018AF93 /* Assets.xcassets */ = {isa = PBXFileReference; lastKnownFileType = folder.assetcatalog; path = Assets.xcassets; sourceTree = "<group>"; };
		293FBA4720E55E6B0018AF93 /* Base */ = {isa = PBXFileReference; lastKnownFileType = file.storyboard; name = Base; path = Base.lproj/LaunchScreen.storyboard; sourceTree = "<group>"; };
		293FBA4920E55E6B0018AF93 /* Info.plist */ = {isa = PBXFileReference; lastKnownFileType = text.plist.xml; path = Info.plist; sourceTree = "<group>"; };
		293FBA4F20E560A80018AF93 /* CollectionViewCell.swift */ = {isa = PBXFileReference; lastKnownFileType = sourcecode.swift; path = CollectionViewCell.swift; sourceTree = "<group>"; };
		293FBA5120E575330018AF93 /* ItemsModel.swift */ = {isa = PBXFileReference; lastKnownFileType = sourcecode.swift; path = ItemsModel.swift; sourceTree = "<group>"; };
		2959449A20EE65BB006A5897 /* ViewModel.swift */ = {isa = PBXFileReference; lastKnownFileType = sourcecode.swift; path = ViewModel.swift; sourceTree = "<group>"; };
		2959449D20EE693E006A5897 /* Networking.swift */ = {isa = PBXFileReference; lastKnownFileType = sourcecode.swift; path = Networking.swift; sourceTree = "<group>"; };
		29CE13C820ED383300884440 /* DataModel.xcdatamodel */ = {isa = PBXFileReference; lastKnownFileType = wrapper.xcdatamodel; path = DataModel.xcdatamodel; sourceTree = "<group>"; };
		29CE13CA20ED399A00884440 /* CoreDataStack.swift */ = {isa = PBXFileReference; lastKnownFileType = sourcecode.swift; path = CoreDataStack.swift; sourceTree = "<group>"; };
		29CE13CE20ED3D8F00884440 /* FlatItems.swift */ = {isa = PBXFileReference; lastKnownFileType = sourcecode.swift; path = FlatItems.swift; sourceTree = "<group>"; };
		29CE13D020ED449D00884440 /* FlatImages.swift */ = {isa = PBXFileReference; lastKnownFileType = sourcecode.swift; path = FlatImages.swift; sourceTree = "<group>"; };
		29CE13D220ED44AF00884440 /* FlatLocation.swift */ = {isa = PBXFileReference; lastKnownFileType = sourcecode.swift; path = FlatLocation.swift; sourceTree = "<group>"; };
/* End PBXFileReference section */

/* Begin PBXFrameworksBuildPhase section */
		293FBA3720E55E6B0018AF93 /* Frameworks */ = {
			isa = PBXFrameworksBuildPhase;
			buildActionMask = 2147483647;
			files = (
			);
			runOnlyForDeploymentPostprocessing = 0;
		};
/* End PBXFrameworksBuildPhase section */

/* Begin PBXGroup section */
		291B302820E6B0C600411ECB /* Controller */ = {
			isa = PBXGroup;
			children = (
				293FBA3D20E55E6B0018AF93 /* AppDelegate.swift */,
				293FBA3F20E55E6B0018AF93 /* ViewController.swift */,
			);
			path = Controller;
			sourceTree = "<group>";
		};
		291B302920E6B0D900411ECB /* Model */ = {
			isa = PBXGroup;
			children = (
				293FBA4F20E560A80018AF93 /* CollectionViewCell.swift */,
				29CE13CA20ED399A00884440 /* CoreDataStack.swift */,
				29CE13CE20ED3D8F00884440 /* FlatItems.swift */,
				29CE13D020ED449D00884440 /* FlatImages.swift */,
				29CE13D220ED44AF00884440 /* FlatLocation.swift */,
				29CE13C720ED383300884440 /* DataModel.xcdatamodeld */,
				293FBA5120E575330018AF93 /* ItemsModel.swift */,
				291B302620E6A88200411ECB /* ItemsImageModel.swift */,
			);
			path = Model;
			sourceTree = "<group>";
		};
		291B302A20E6B0E100411ECB /* View */ = {
			isa = PBXGroup;
			children = (
				293FBA4120E55E6B0018AF93 /* Main.storyboard */,
			);
			path = View;
			sourceTree = "<group>";
		};
		291B302B20E6B10300411ECB /* Supporting Files */ = {
			isa = PBXGroup;
			children = (
				293FBA4620E55E6B0018AF93 /* LaunchScreen.storyboard */,
				293FBA4420E55E6B0018AF93 /* Assets.xcassets */,
			);
			path = "Supporting Files";
			sourceTree = "<group>";
		};
		293FBA3120E55E6B0018AF93 = {
			isa = PBXGroup;
			children = (
				293FBA3C20E55E6B0018AF93 /* MyNewApp */,
				293FBA3B20E55E6B0018AF93 /* Products */,
			);
			sourceTree = "<group>";
		};
		293FBA3B20E55E6B0018AF93 /* Products */ = {
			isa = PBXGroup;
			children = (
				293FBA3A20E55E6B0018AF93 /* MyNewApp.app */,
			);
			name = Products;
			sourceTree = "<group>";
		};
		293FBA3C20E55E6B0018AF93 /* MyNewApp */ = {
			isa = PBXGroup;
			children = (
				2959449C20EE6914006A5897 /* Network */,
				291B302820E6B0C600411ECB /* Controller */,
				2959449920EE657C006A5897 /* ViewModel */,
				291B302920E6B0D900411ECB /* Model */,
				291B302A20E6B0E100411ECB /* View */,
				291B302B20E6B10300411ECB /* Supporting Files */,
				293FBA4920E55E6B0018AF93 /* Info.plist */,
			);
			path = MyNewApp;
			sourceTree = "<group>";
		};
		2959449920EE657C006A5897 /* ViewModel */ = {
			isa = PBXGroup;
			children = (
				2959449A20EE65BB006A5897 /* ViewModel.swift */,
			);
			path = ViewModel;
			sourceTree = "<group>";
		};
		2959449C20EE6914006A5897 /* Network */ = {
			isa = PBXGroup;
			children = (
				2959449D20EE693E006A5897 /* Networking.swift */,
			);
			path = Network;
			sourceTree = "<group>";
		};
/* End PBXGroup section */

/* Begin PBXNativeTarget section */
		293FBA3920E55E6B0018AF93 /* MyNewApp */ = {
			isa = PBXNativeTarget;
			buildConfigurationList = 293FBA4C20E55E6B0018AF93 /* Build configuration list for PBXNativeTarget "MyNewApp" */;
			buildPhases = (
				293FBA3620E55E6B0018AF93 /* Sources */,
				293FBA3720E55E6B0018AF93 /* Frameworks */,
				293FBA3820E55E6B0018AF93 /* Resources */,
			);
			buildRules = (
			);
			dependencies = (
			);
			name = MyNewApp;
			productName = MyNewApp;
			productReference = 293FBA3A20E55E6B0018AF93 /* MyNewApp.app */;
			productType = "com.apple.product-type.application";
		};
/* End PBXNativeTarget section */

/* Begin PBXProject section */
		293FBA3220E55E6B0018AF93 /* Project object */ = {
			isa = PBXProject;
			attributes = {
				LastSwiftUpdateCheck = 0920;
				LastUpgradeCheck = 0920;
				ORGANIZATIONNAME = Stuti;
				TargetAttributes = {
					293FBA3920E55E6B0018AF93 = {
						CreatedOnToolsVersion = 9.2;
						ProvisioningStyle = Automatic;
					};
				};
			};
			buildConfigurationList = 293FBA3520E55E6B0018AF93 /* Build configuration list for PBXProject "MyNewApp" */;
			compatibilityVersion = "Xcode 8.0";
			developmentRegion = en;
			hasScannedForEncodings = 0;
			knownRegions = (
				en,
				Base,
			);
			mainGroup = 293FBA3120E55E6B0018AF93;
			productRefGroup = 293FBA3B20E55E6B0018AF93 /* Products */;
			projectDirPath = "";
			projectRoot = "";
			targets = (
				293FBA3920E55E6B0018AF93 /* MyNewApp */,
			);
		};
/* End PBXProject section */

/* Begin PBXResourcesBuildPhase section */
		293FBA3820E55E6B0018AF93 /* Resources */ = {
			isa = PBXResourcesBuildPhase;
			buildActionMask = 2147483647;
			files = (
				293FBA4820E55E6B0018AF93 /* LaunchScreen.storyboard in Resources */,
				293FBA4520E55E6B0018AF93 /* Assets.xcassets in Resources */,
				293FBA4320E55E6B0018AF93 /* Main.storyboard in Resources */,
			);
			runOnlyForDeploymentPostprocessing = 0;
		};
/* End PBXResourcesBuildPhase section */

/* Begin PBXSourcesBuildPhase section */
		293FBA3620E55E6B0018AF93 /* Sources */ = {
			isa = PBXSourcesBuildPhase;
			buildActionMask = 2147483647;
			files = (
				29CE13CB20ED399A00884440 /* CoreDataStack.swift in Sources */,
				293FBA4020E55E6B0018AF93 /* ViewController.swift in Sources */,
				293FBA3E20E55E6B0018AF93 /* AppDelegate.swift in Sources */,
				2959449E20EE693E006A5897 /* Networking.swift in Sources */,
				2959449B20EE65BB006A5897 /* ViewModel.swift in Sources */,
				29CE13D320ED44AF00884440 /* FlatLocation.swift in Sources */,
				29CE13D120ED449D00884440 /* FlatImages.swift in Sources */,
				29CE13CF20ED3D8F00884440 /* FlatItems.swift in Sources */,
				293FBA5220E575330018AF93 /* ItemsModel.swift in Sources */,
				29CE13C920ED383300884440 /* DataModel.xcdatamodeld in Sources */,
				293FBA5020E560A80018AF93 /* CollectionViewCell.swift in Sources */,
				291B302720E6A88200411ECB /* ItemsImageModel.swift in Sources */,
			);
			runOnlyForDeploymentPostprocessing = 0;
		};
/* End PBXSourcesBuildPhase section */

/* Begin PBXVariantGroup section */
		293FBA4120E55E6B0018AF93 /* Main.storyboard */ = {
			isa = PBXVariantGroup;
			children = (
				293FBA4220E55E6B0018AF93 /* Base */,
			);
			name = Main.storyboard;
			sourceTree = "<group>";
		};
		293FBA4620E55E6B0018AF93 /* LaunchScreen.storyboard */ = {
			isa = PBXVariantGroup;
			children = (
				293FBA4720E55E6B0018AF93 /* Base */,
			);
			name = LaunchScreen.storyboard;
			sourceTree = "<group>";
		};
/* End PBXVariantGroup section */

/* Begin XCBuildConfiguration section */
		293FBA4A20E55E6B0018AF93 /* Debug */ = {
			isa = XCBuildConfiguration;
			buildSettings = {
				ALWAYS_SEARCH_USER_PATHS = NO;
				CLANG_ANALYZER_NONNULL = YES;
				CLANG_ANALYZER_NUMBER_OBJECT_CONVERSION = YES_AGGRESSIVE;
				CLANG_CXX_LANGUAGE_STANDARD = "gnu++14";
				CLANG_CXX_LIBRARY = "libc++";
				CLANG_ENABLE_MODULES = YES;
				CLANG_ENABLE_OBJC_ARC = YES;
				CLANG_WARN_BLOCK_CAPTURE_AUTORELEASING = YES;
				CLANG_WARN_BOOL_CONVERSION = YES;
				CLANG_WARN_COMMA = YES;
				CLANG_WARN_CONSTANT_CONVERSION = YES;
				CLANG_WARN_DIRECT_OBJC_ISA_USAGE = YES_ERROR;
				CLANG_WARN_DOCUMENTATION_COMMENTS = YES;
				CLANG_WARN_EMPTY_BODY = YES;
				CLANG_WARN_ENUM_CONVERSION = YES;
				CLANG_WARN_INFINITE_RECURSION = YES;
				CLANG_WARN_INT_CONVERSION = YES;
				CLANG_WARN_NON_LITERAL_NULL_CONVERSION = YES;
				CLANG_WARN_OBJC_LITERAL_CONVERSION = YES;
				CLANG_WARN_OBJC_ROOT_CLASS = YES_ERROR;
				CLANG_WARN_RANGE_LOOP_ANALYSIS = YES;
				CLANG_WARN_STRICT_PROTOTYPES = YES;
				CLANG_WARN_SUSPICIOUS_MOVE = YES;
				CLANG_WARN_UNGUARDED_AVAILABILITY = YES_AGGRESSIVE;
				CLANG_WARN_UNREACHABLE_CODE = YES;
				CLANG_WARN__DUPLICATE_METHOD_MATCH = YES;
				CODE_SIGN_IDENTITY = "iPhone Developer";
				COPY_PHASE_STRIP = NO;
				DEBUG_INFORMATION_FORMAT = dwarf;
				ENABLE_STRICT_OBJC_MSGSEND = YES;
				ENABLE_TESTABILITY = YES;
				GCC_C_LANGUAGE_STANDARD = gnu11;
				GCC_DYNAMIC_NO_PIC = NO;
				GCC_NO_COMMON_BLOCKS = YES;
				GCC_OPTIMIZATION_LEVEL = 0;
				GCC_PREPROCESSOR_DEFINITIONS = (
					"DEBUG=1",
					"$(inherited)",
				);
				GCC_WARN_64_TO_32_BIT_CONVERSION = YES;
				GCC_WARN_ABOUT_RETURN_TYPE = YES_ERROR;
				GCC_WARN_UNDECLARED_SELECTOR = YES;
				GCC_WARN_UNINITIALIZED_AUTOS = YES_AGGRESSIVE;
				GCC_WARN_UNUSED_FUNCTION = YES;
				GCC_WARN_UNUSED_VARIABLE = YES;
				IPHONEOS_DEPLOYMENT_TARGET = 11.2;
				MTL_ENABLE_DEBUG_INFO = YES;
				ONLY_ACTIVE_ARCH = YES;
				SDKROOT = iphoneos;
				SWIFT_ACTIVE_COMPILATION_CONDITIONS = DEBUG;
				SWIFT_OPTIMIZATION_LEVEL = "-Onone";
			};
			name = Debug;
		};
		293FBA4B20E55E6B0018AF93 /* Release */ = {
			isa = XCBuildConfiguration;
			buildSettings = {
				ALWAYS_SEARCH_USER_PATHS = NO;
				CLANG_ANALYZER_NONNULL = YES;
				CLANG_ANALYZER_NUMBER_OBJECT_CONVERSION = YES_AGGRESSIVE;
				CLANG_CXX_LANGUAGE_STANDARD = "gnu++14";
				CLANG_CXX_LIBRARY = "libc++";
				CLANG_ENABLE_MODULES = YES;
				CLANG_ENABLE_OBJC_ARC = YES;
				CLANG_WARN_BLOCK_CAPTURE_AUTORELEASING = YES;
				CLANG_WARN_BOOL_CONVERSION = YES;
				CLANG_WARN_COMMA = YES;
				CLANG_WARN_CONSTANT_CONVERSION = YES;
				CLANG_WARN_DIRECT_OBJC_ISA_USAGE = YES_ERROR;
				CLANG_WARN_DOCUMENTATION_COMMENTS = YES;
				CLANG_WARN_EMPTY_BODY = YES;
				CLANG_WARN_ENUM_CONVERSION = YES;
				CLANG_WARN_INFINITE_RECURSION = YES;
				CLANG_WARN_INT_CONVERSION = YES;
				CLANG_WARN_NON_LITERAL_NULL_CONVERSION = YES;
				CLANG_WARN_OBJC_LITERAL_CONVERSION = YES;
				CLANG_WARN_OBJC_ROOT_CLASS = YES_ERROR;
				CLANG_WARN_RANGE_LOOP_ANALYSIS = YES;
				CLANG_WARN_STRICT_PROTOTYPES = YES;
				CLANG_WARN_SUSPICIOUS_MOVE = YES;
				CLANG_WARN_UNGUARDED_AVAILABILITY = YES_AGGRESSIVE;
				CLANG_WARN_UNREACHABLE_CODE = YES;
				CLANG_WARN__DUPLICATE_METHOD_MATCH = YES;
				CODE_SIGN_IDENTITY = "iPhone Developer";
				COPY_PHASE_STRIP = NO;
				DEBUG_INFORMATION_FORMAT = "dwarf-with-dsym";
				ENABLE_NS_ASSERTIONS = NO;
				ENABLE_STRICT_OBJC_MSGSEND = YES;
				GCC_C_LANGUAGE_STANDARD = gnu11;
				GCC_NO_COMMON_BLOCKS = YES;
				GCC_WARN_64_TO_32_BIT_CONVERSION = YES;
				GCC_WARN_ABOUT_RETURN_TYPE = YES_ERROR;
				GCC_WARN_UNDECLARED_SELECTOR = YES;
				GCC_WARN_UNINITIALIZED_AUTOS = YES_AGGRESSIVE;
				GCC_WARN_UNUSED_FUNCTION = YES;
				GCC_WARN_UNUSED_VARIABLE = YES;
				IPHONEOS_DEPLOYMENT_TARGET = 11.2;
				MTL_ENABLE_DEBUG_INFO = NO;
				SDKROOT = iphoneos;
				SWIFT_OPTIMIZATION_LEVEL = "-Owholemodule";
				VALIDATE_PRODUCT = YES;
			};
			name = Release;
		};
		293FBA4D20E55E6B0018AF93 /* Debug */ = {
			isa = XCBuildConfiguration;
			buildSettings = {
				ASSETCATALOG_COMPILER_APPICON_NAME = AppIcon;
				CODE_SIGN_STYLE = Automatic;
				INFOPLIST_FILE = MyNewApp/Info.plist;
				LD_RUNPATH_SEARCH_PATHS = "$(inherited) @executable_path/Frameworks";
				PRODUCT_BUNDLE_IDENTIFIER = com.stuti.MyNewApp;
				PRODUCT_NAME = "$(TARGET_NAME)";
				SWIFT_VERSION = 4.0;
				TARGETED_DEVICE_FAMILY = "1,2";
			};
			name = Debug;
		};
		293FBA4E20E55E6B0018AF93 /* Release */ = {
			isa = XCBuildConfiguration;
			buildSettings = {
				ASSETCATALOG_COMPILER_APPICON_NAME = AppIcon;
				CODE_SIGN_STYLE = Automatic;
				INFOPLIST_FILE = MyNewApp/Info.plist;
				LD_RUNPATH_SEARCH_PATHS = "$(inherited) @executable_path/Frameworks";
				PRODUCT_BUNDLE_IDENTIFIER = com.stuti.MyNewApp;
				PRODUCT_NAME = "$(TARGET_NAME)";
				SWIFT_VERSION = 4.0;
				TARGETED_DEVICE_FAMILY = "1,2";
			};
			name = Release;
		};
/* End XCBuildConfiguration section */

/* Begin XCConfigurationList section */
		293FBA3520E55E6B0018AF93 /* Build configuration list for PBXProject "MyNewApp" */ = {
			isa = XCConfigurationList;
			buildConfigurations = (
				293FBA4A20E55E6B0018AF93 /* Debug */,
				293FBA4B20E55E6B0018AF93 /* Release */,
			);
			defaultConfigurationIsVisible = 0;
			defaultConfigurationName = Release;
		};
		293FBA4C20E55E6B0018AF93 /* Build configuration list for PBXNativeTarget "MyNewApp" */ = {
			isa = XCConfigurationList;
			buildConfigurations = (
				293FBA4D20E55E6B0018AF93 /* Debug */,
				293FBA4E20E55E6B0018AF93 /* Release */,
			);
			defaultConfigurationIsVisible = 0;
			defaultConfigurationName = Release;
		};
/* End XCConfigurationList section */

/* Begin XCVersionGroup section */
		29CE13C720ED383300884440 /* DataModel.xcdatamodeld */ = {
			isa = XCVersionGroup;
			children = (
				29CE13C820ED383300884440 /* DataModel.xcdatamodel */,
			);
			currentVersion = 29CE13C820ED383300884440 /* DataModel.xcdatamodel */;
			path = DataModel.xcdatamodeld;
			sourceTree = "<group>";
			versionGroupType = wrapper.xcdatamodel;
		};
/* End XCVersionGroup section */
	};
	rootObject = 293FBA3220E55E6B0018AF93 /* Project object */;
}
